// !$*UTF8*$!
{
	archiveVersion = 1;
	classes = {
	};
	objectVersion = 56;
	objects = {

/* Begin PBXBuildFile section */
		1D02FE702A99D04B008C0BED /* background.png in Resources */ = {isa = PBXBuildFile; fileRef = 1D02FE6F2A99D04B008C0BED /* background.png */; };
		1D02FE722A99D0BD008C0BED /* background2.jpeg in Resources */ = {isa = PBXBuildFile; fileRef = 1D02FE712A99D0BD008C0BED /* background2.jpeg */; };
		1D2676762A976B81007F3B1C /* AppDelegate.swift in Sources */ = {isa = PBXBuildFile; fileRef = 1D2676752A976B81007F3B1C /* AppDelegate.swift */; };
		1D2676782A976B81007F3B1C /* SceneDelegate.swift in Sources */ = {isa = PBXBuildFile; fileRef = 1D2676772A976B81007F3B1C /* SceneDelegate.swift */; };
		1D26767A2A976B81007F3B1C /* ViewController.swift in Sources */ = {isa = PBXBuildFile; fileRef = 1D2676792A976B81007F3B1C /* ViewController.swift */; };
		1D26767D2A976B81007F3B1C /* Main.storyboard in Resources */ = {isa = PBXBuildFile; fileRef = 1D26767B2A976B81007F3B1C /* Main.storyboard */; };
		1D26767F2A976B82007F3B1C /* Assets.xcassets in Resources */ = {isa = PBXBuildFile; fileRef = 1D26767E2A976B82007F3B1C /* Assets.xcassets */; };
		1D2676822A976B82007F3B1C /* LaunchScreen.storyboard in Resources */ = {isa = PBXBuildFile; fileRef = 1D2676802A976B82007F3B1C /* LaunchScreen.storyboard */; };
		1D26768A2A976BD3007F3B1C /* View2Controller.swift in Sources */ = {isa = PBXBuildFile; fileRef = 1D2676892A976BD3007F3B1C /* View2Controller.swift */; };
/* End PBXBuildFile section */

/* Begin PBXFileReference section */
		1D02FE6F2A99D04B008C0BED /* background.png */ = {isa = PBXFileReference; lastKnownFileType = image.png; path = background.png; sourceTree = "<group>"; };
		1D02FE712A99D0BD008C0BED /* background2.jpeg */ = {isa = PBXFileReference; lastKnownFileType = image.jpeg; path = background2.jpeg; sourceTree = "<group>"; };
		1D2676722A976B81007F3B1C /* View2Controller.app */ = {isa = PBXFileReference; explicitFileType = wrapper.application; includeInIndex = 0; path = View2Controller.app; sourceTree = BUILT_PRODUCTS_DIR; };
		1D2676752A976B81007F3B1C /* AppDelegate.swift */ = {isa = PBXFileReference; lastKnownFileType = sourcecode.swift; path = AppDelegate.swift; sourceTree = "<group>"; };
		1D2676772A976B81007F3B1C /* SceneDelegate.swift */ = {isa = PBXFileReference; lastKnownFileType = sourcecode.swift; path = SceneDelegate.swift; sourceTree = "<group>"; };
		1D2676792A976B81007F3B1C /* ViewController.swift */ = {isa = PBXFileReference; lastKnownFileType = sourcecode.swift; path = ViewController.swift; sourceTree = "<group>"; };
		1D26767C2A976B81007F3B1C /* Base */ = {isa = PBXFileReference; lastKnownFileType = file.storyboard; name = Base; path = Base.lproj/Main.storyboard; sourceTree = "<group>"; };
		1D26767E2A976B82007F3B1C /* Assets.xcassets */ = {isa = PBXFileReference; lastKnownFileType = folder.assetcatalog; path = Assets.xcassets; sourceTree = "<group>"; };
		1D2676812A976B82007F3B1C /* Base */ = {isa = PBXFileReference; lastKnownFileType = file.storyboard; name = Base; path = Base.lproj/LaunchScreen.storyboard; sourceTree = "<group>"; };
		1D2676832A976B82007F3B1C /* Info.plist */ = {isa = PBXFileReference; lastKnownFileType = text.plist.xml; path = Info.plist; sourceTree = "<group>"; };
		1D2676892A976BD3007F3B1C /* View2Controller.swift */ = {isa = PBXFileReference; lastKnownFileType = sourcecode.swift; path = View2Controller.swift; sourceTree = "<group>"; };
/* End PBXFileReference section */

/* Begin PBXFrameworksBuildPhase section */
		1D26766F2A976B81007F3B1C /* Frameworks */ = {
			isa = PBXFrameworksBuildPhase;
			buildActionMask = 2147483647;
			files = (
			);
			runOnlyForDeploymentPostprocessing = 0;
		};
/* End PBXFrameworksBuildPhase section */

/* Begin PBXGroup section */
		1D02FE6E2A99D021008C0BED /* Image */ = {
			isa = PBXGroup;
			children = (
				1D02FE712A99D0BD008C0BED /* background2.jpeg */,
				1D02FE6F2A99D04B008C0BED /* background.png */,
			);
			path = Image;
			sourceTree = "<group>";
		};
		1D2676692A976B81007F3B1C = {
			isa = PBXGroup;
			children = (
				1D2676742A976B81007F3B1C /* View2Controller */,
				1D2676732A976B81007F3B1C /* Products */,
			);
			sourceTree = "<group>";
		};
		1D2676732A976B81007F3B1C /* Products */ = {
			isa = PBXGroup;
			children = (
				1D2676722A976B81007F3B1C /* View2Controller.app */,
			);
			name = Products;
			sourceTree = "<group>";
		};
		1D2676742A976B81007F3B1C /* View2Controller */ = {
			isa = PBXGroup;
			children = (
				1D02FE6E2A99D021008C0BED /* Image */,
				1D2676752A976B81007F3B1C /* AppDelegate.swift */,
				1D2676772A976B81007F3B1C /* SceneDelegate.swift */,
				1D2676792A976B81007F3B1C /* ViewController.swift */,
				1D26767B2A976B81007F3B1C /* Main.storyboard */,
				1D26767E2A976B82007F3B1C /* Assets.xcassets */,
				1D2676802A976B82007F3B1C /* LaunchScreen.storyboard */,
				1D2676832A976B82007F3B1C /* Info.plist */,
				1D2676892A976BD3007F3B1C /* View2Controller.swift */,
			);
			path = View2Controller;
			sourceTree = "<group>";
		};
/* End PBXGroup section */

/* Begin PBXNativeTarget section */
		1D2676712A976B81007F3B1C /* View2Controller */ = {
			isa = PBXNativeTarget;
			buildConfigurationList = 1D2676862A976B82007F3B1C /* Build configuration list for PBXNativeTarget "View2Controller" */;
			buildPhases = (
				1D26766E2A976B81007F3B1C /* Sources */,
				1D26766F2A976B81007F3B1C /* Frameworks */,
				1D2676702A976B81007F3B1C /* Resources */,
			);
			buildRules = (
			);
			dependencies = (
			);
			name = View2Controller;
			productName = View2Controller;
			productReference = 1D2676722A976B81007F3B1C /* View2Controller.app */;
			productType = "com.apple.product-type.application";
		};
/* End PBXNativeTarget section */

/* Begin PBXProject section */
		1D26766A2A976B81007F3B1C /* Project object */ = {
			isa = PBXProject;
			attributes = {
				BuildIndependentTargetsInParallel = 1;
				LastSwiftUpdateCheck = 1430;
				LastUpgradeCheck = 1430;
				TargetAttributes = {
					1D2676712A976B81007F3B1C = {
						CreatedOnToolsVersion = 14.3.1;
					};
				};
			};
			buildConfigurationList = 1D26766D2A976B81007F3B1C /* Build configuration list for PBXProject "View2Controller" */;
			compatibilityVersion = "Xcode 14.0";
			developmentRegion = en;
			hasScannedForEncodings = 0;
			knownRegions = (
				en,
				Base,
			);
			mainGroup = 1D2676692A976B81007F3B1C;
			productRefGroup = 1D2676732A976B81007F3B1C /* Products */;
			projectDirPath = "";
			projectRoot = "";
			targets = (
				1D2676712A976B81007F3B1C /* View2Controller */,
			);
		};
/* End PBXProject section */

/* Begin PBXResourcesBuildPhase section */
		1D2676702A976B81007F3B1C /* Resources */ = {
			isa = PBXResourcesBuildPhase;
			buildActionMask = 2147483647;
			files = (
				1D2676822A976B82007F3B1C /* LaunchScreen.storyboard in Resources */,
				1D26767F2A976B82007F3B1C /* Assets.xcassets in Resources */,
				1D02FE722A99D0BD008C0BED /* background2.jpeg in Resources */,
				1D26767D2A976B81007F3B1C /* Main.storyboard in Resources */,
				1D02FE702A99D04B008C0BED /* background.png in Resources */,
			);
			runOnlyForDeploymentPostprocessing = 0;
		};
/* End PBXResourcesBuildPhase section */

/* Begin PBXSourcesBuildPhase section */
		1D26766E2A976B81007F3B1C /* Sources */ = {
			isa = PBXSourcesBuildPhase;
			buildActionMask = 2147483647;
			files = (
				1D26767A2A976B81007F3B1C /* ViewController.swift in Sources */,
				1D26768A2A976BD3007F3B1C /* View2Controller.swift in Sources */,
				1D2676762A976B81007F3B1C /* AppDelegate.swift in Sources */,
				1D2676782A976B81007F3B1C /* SceneDelegate.swift in Sources */,
			);
			runOnlyForDeploymentPostprocessing = 0;
		};
/* End PBXSourcesBuildPhase section */

/* Begin PBXVariantGroup section */
		1D26767B2A976B81007F3B1C /* Main.storyboard */ = {
			isa = PBXVariantGroup;
			children = (
				1D26767C2A976B81007F3B1C /* Base */,
			);
			name = Main.storyboard;
			sourceTree = "<group>";
		};
		1D2676802A976B82007F3B1C /* LaunchScreen.storyboard */ = {
			isa = PBXVariantGroup;
			children = (
				1D2676812A976B82007F3B1C /* Base */,
			);
			name = LaunchScreen.storyboard;
			sourceTree = "<group>";
		};
/* End PBXVariantGroup section */

/* Begin XCBuildConfiguration section */
		1D2676842A976B82007F3B1C /* Debug */ = {
			isa = XCBuildConfiguration;
			buildSettings = {
				ALWAYS_SEARCH_USER_PATHS = NO;
				CLANG_ANALYZER_NONNULL = YES;
				CLANG_ANALYZER_NUMBER_OBJECT_CONVERSION = YES_AGGRESSIVE;
				CLANG_CXX_LANGUAGE_STANDARD = "gnu++20";
				CLANG_ENABLE_MODULES = YES;
				CLANG_ENABLE_OBJC_ARC = YES;
				CLANG_ENABLE_OBJC_WEAK = YES;
				CLANG_WARN_BLOCK_CAPTURE_AUTORELEASING = YES;
				CLANG_WARN_BOOL_CONVERSION = YES;
				CLANG_WARN_COMMA = YES;
				CLANG_WARN_CONSTANT_CONVERSION = YES;
				CLANG_WARN_DEPRECATED_OBJC_IMPLEMENTATIONS = YES;
				CLANG_WARN_DIRECT_OBJC_ISA_USAGE = YES_ERROR;
				CLANG_WARN_DOCUMENTATION_COMMENTS = YES;
				CLANG_WARN_EMPTY_BODY = YES;
				CLANG_WARN_ENUM_CONVERSION = YES;
				CLANG_WARN_INFINITE_RECURSION = YES;
				CLANG_WARN_INT_CONVERSION = YES;
				CLANG_WARN_NON_LITERAL_NULL_CONVERSION = YES;
				CLANG_WARN_OBJC_IMPLICIT_RETAIN_SELF = YES;
				CLANG_WARN_OBJC_LITERAL_CONVERSION = YES;
				CLANG_WARN_OBJC_ROOT_CLASS = YES_ERROR;
				CLANG_WARN_QUOTED_INCLUDE_IN_FRAMEWORK_HEADER = YES;
				CLANG_WARN_RANGE_LOOP_ANALYSIS = YES;
				CLANG_WARN_STRICT_PROTOTYPES = YES;
				CLANG_WARN_SUSPICIOUS_MOVE = YES;
				CLANG_WARN_UNGUARDED_AVAILABILITY = YES_AGGRESSIVE;
				CLANG_WARN_UNREACHABLE_CODE = YES;
				CLANG_WARN__DUPLICATE_METHOD_MATCH = YES;
				COPY_PHASE_STRIP = NO;
				DEBUG_INFORMATION_FORMAT = dwarf;
				ENABLE_STRICT_OBJC_MSGSEND = YES;
				ENABLE_TESTABILITY = YES;
				GCC_C_LANGUAGE_STANDARD = gnu11;
				GCC_DYNAMIC_NO_PIC = NO;
				GCC_NO_COMMON_BLOCKS = YES;
				GCC_OPTIMIZATION_LEVEL = 0;
				GCC_PREPROCESSOR_DEFINITIONS = (
					"DEBUG=1",
					"$(inherited)",
				);
				GCC_WARN_64_TO_32_BIT_CONVERSION = YES;
				GCC_WARN_ABOUT_RETURN_TYPE = YES_ERROR;
				GCC_WARN_UNDECLARED_SELECTOR = YES;
				GCC_WARN_UNINITIALIZED_AUTOS = YES_AGGRESSIVE;
				GCC_WARN_UNUSED_FUNCTION = YES;
				GCC_WARN_UNUSED_VARIABLE = YES;
				IPHONEOS_DEPLOYMENT_TARGET = 16.4;
				MTL_ENABLE_DEBUG_INFO = INCLUDE_SOURCE;
				MTL_FAST_MATH = YES;
				ONLY_ACTIVE_ARCH = YES;
				SDKROOT = iphoneos;
				SWIFT_ACTIVE_COMPILATION_CONDITIONS = DEBUG;
				SWIFT_OPTIMIZATION_LEVEL = "-Onone";
			};
			name = Debug;
		};
		1D2676852A976B82007F3B1C /* Release */ = {
			isa = XCBuildConfiguration;
			buildSettings = {
				ALWAYS_SEARCH_USER_PATHS = NO;
				CLANG_ANALYZER_NONNULL = YES;
				CLANG_ANALYZER_NUMBER_OBJECT_CONVERSION = YES_AGGRESSIVE;
				CLANG_CXX_LANGUAGE_STANDARD = "gnu++20";
				CLANG_ENABLE_MODULES = YES;
				CLANG_ENABLE_OBJC_ARC = YES;
				CLANG_ENABLE_OBJC_WEAK = YES;
				CLANG_WARN_BLOCK_CAPTURE_AUTORELEASING = YES;
				CLANG_WARN_BOOL_CONVERSION = YES;
				CLANG_WARN_COMMA = YES;
				CLANG_WARN_CONSTANT_CONVERSION = YES;
				CLANG_WARN_DEPRECATED_OBJC_IMPLEMENTATIONS = YES;
				CLANG_WARN_DIRECT_OBJC_ISA_USAGE = YES_ERROR;
				CLANG_WARN_DOCUMENTATION_COMMENTS = YES;
				CLANG_WARN_EMPTY_BODY = YES;
				CLANG_WARN_ENUM_CONVERSION = YES;
				CLANG_WARN_INFINITE_RECURSION = YES;
				CLANG_WARN_INT_CONVERSION = YES;
				CLANG_WARN_NON_LITERAL_NULL_CONVERSION = YES;
				CLANG_WARN_OBJC_IMPLICIT_RETAIN_SELF = YES;
				CLANG_WARN_OBJC_LITERAL_CONVERSION = YES;
				CLANG_WARN_OBJC_ROOT_CLASS = YES_ERROR;
				CLANG_WARN_QUOTED_INCLUDE_IN_FRAMEWORK_HEADER = YES;
				CLANG_WARN_RANGE_LOOP_ANALYSIS = YES;
				CLANG_WARN_STRICT_PROTOTYPES = YES;
				CLANG_WARN_SUSPICIOUS_MOVE = YES;
				CLANG_WARN_UNGUARDED_AVAILABILITY = YES_AGGRESSIVE;
				CLANG_WARN_UNREACHABLE_CODE = YES;
				CLANG_WARN__DUPLICATE_METHOD_MATCH = YES;
				COPY_PHASE_STRIP = NO;
				DEBUG_INFORMATION_FORMAT = "dwarf-with-dsym";
				ENABLE_NS_ASSERTIONS = NO;
				ENABLE_STRICT_OBJC_MSGSEND = YES;
				GCC_C_LANGUAGE_STANDARD = gnu11;
				GCC_NO_COMMON_BLOCKS = YES;
				GCC_WARN_64_TO_32_BIT_CONVERSION = YES;
				GCC_WARN_ABOUT_RETURN_TYPE = YES_ERROR;
				GCC_WARN_UNDECLARED_SELECTOR = YES;
				GCC_WARN_UNINITIALIZED_AUTOS = YES_AGGRESSIVE;
				GCC_WARN_UNUSED_FUNCTION = YES;
				GCC_WARN_UNUSED_VARIABLE = YES;
				IPHONEOS_DEPLOYMENT_TARGET = 16.4;
				MTL_ENABLE_DEBUG_INFO = NO;
				MTL_FAST_MATH = YES;
				SDKROOT = iphoneos;
				SWIFT_COMPILATION_MODE = wholemodule;
				SWIFT_OPTIMIZATION_LEVEL = "-O";
				VALIDATE_PRODUCT = YES;
			};
			name = Release;
		};
		1D2676872A976B82007F3B1C /* Debug */ = {
			isa = XCBuildConfiguration;
			buildSettings = {
				ASSETCATALOG_COMPILER_APPICON_NAME = AppIcon;
				ASSETCATALOG_COMPILER_GLOBAL_ACCENT_COLOR_NAME = AccentColor;
				CODE_SIGN_STYLE = Automatic;
				CURRENT_PROJECT_VERSION = 1;
				DEVELOPMENT_TEAM = 3D57ZF2MPX;
				GENERATE_INFOPLIST_FILE = YES;
				INFOPLIST_FILE = View2Controller/Info.plist;
				INFOPLIST_KEY_UIApplicationSupportsIndirectInputEvents = YES;
				INFOPLIST_KEY_UILaunchStoryboardName = LaunchScreen;
				INFOPLIST_KEY_UIMainStoryboardFile = Main;
				INFOPLIST_KEY_UISupportedInterfaceOrientations_iPad = "UIInterfaceOrientationPortrait UIInterfaceOrientationPortraitUpsideDown UIInterfaceOrientationLandscapeLeft UIInterfaceOrientationLandscapeRight";
				INFOPLIST_KEY_UISupportedInterfaceOrientations_iPhone = "UIInterfaceOrientationPortrait UIInterfaceOrientationLandscapeLeft UIInterfaceOrientationLandscapeRight";
				LD_RUNPATH_SEARCH_PATHS = (
					"$(inherited)",
					"@executable_path/Frameworks",
				);
				MARKETING_VERSION = 1.0;
				PRODUCT_BUNDLE_IDENTIFIER = com.htj7425.View2Controller;
				PRODUCT_NAME = "$(TARGET_NAME)";
				SWIFT_EMIT_LOC_STRINGS = YES;
				SWIFT_VERSION = 5.0;
				TARGETED_DEVICE_FAMILY = "1,2";
			};
			name = Debug;
		};
		1D2676882A976B82007F3B1C /* Release */ = {
			isa = XCBuildConfiguration;
			buildSettings = {
				ASSETCATALOG_COMPILER_APPICON_NAME = AppIcon;
				ASSETCATALOG_COMPILER_GLOBAL_ACCENT_COLOR_NAME = AccentColor;
				CODE_SIGN_STYLE = Automatic;
				CURRENT_PROJECT_VERSION = 1;
				DEVELOPMENT_TEAM = 3D57ZF2MPX;
				GENERATE_INFOPLIST_FILE = YES;
				INFOPLIST_FILE = View2Controller/Info.plist;
				INFOPLIST_KEY_UIApplicationSupportsIndirectInputEvents = YES;
				INFOPLIST_KEY_UILaunchStoryboardName = LaunchScreen;
				INFOPLIST_KEY_UIMainStoryboardFile = Main;
				INFOPLIST_KEY_UISupportedInterfaceOrientations_iPad = "UIInterfaceOrientationPortrait UIInterfaceOrientationPortraitUpsideDown UIInterfaceOrientationLandscapeLeft UIInterfaceOrientationLandscapeRight";
				INFOPLIST_KEY_UISupportedInterfaceOrientations_iPhone = "UIInterfaceOrientationPortrait UIInterfaceOrientationLandscapeLeft UIInterfaceOrientationLandscapeRight";
				LD_RUNPATH_SEARCH_PATHS = (
					"$(inherited)",
					"@executable_path/Frameworks",
				);
				MARKETING_VERSION = 1.0;
				PRODUCT_BUNDLE_IDENTIFIER = com.htj7425.View2Controller;
				PRODUCT_NAME = "$(TARGET_NAME)";
				SWIFT_EMIT_LOC_STRINGS = YES;
				SWIFT_VERSION = 5.0;
				TARGETED_DEVICE_FAMILY = "1,2";
			};
			name = Release;
		};
/* End XCBuildConfiguration section */

/* Begin XCConfigurationList section */
		1D26766D2A976B81007F3B1C /* Build configuration list for PBXProject "View2Controller" */ = {
			isa = XCConfigurationList;
			buildConfigurations = (
				1D2676842A976B82007F3B1C /* Debug */,
				1D2676852A976B82007F3B1C /* Release */,
			);
			defaultConfigurationIsVisible = 0;
			defaultConfigurationName = Release;
		};
		1D2676862A976B82007F3B1C /* Build configuration list for PBXNativeTarget "View2Controller" */ = {
			isa = XCConfigurationList;
			buildConfigurations = (
				1D2676872A976B82007F3B1C /* Debug */,
				1D2676882A976B82007F3B1C /* Release */,
			);
			defaultConfigurationIsVisible = 0;
			defaultConfigurationName = Release;
		};
/* End XCConfigurationList section */
	};
	rootObject = 1D26766A2A976B81007F3B1C /* Project object */;
}
